// !$*UTF8*$!
{
	archiveVersion = 1;
	classes = {
	};
	objectVersion = 55;
	objects = {

/* Begin PBXBuildFile section */
		E442BD30279C49CB0089A435 /* AppDelegate.swift in Sources */ = {isa = PBXBuildFile; fileRef = E442BD2F279C49CB0089A435 /* AppDelegate.swift */; };
		E442BD32279C49CB0089A435 /* SceneDelegate.swift in Sources */ = {isa = PBXBuildFile; fileRef = E442BD31279C49CB0089A435 /* SceneDelegate.swift */; };
		E442BD34279C49CB0089A435 /* OrangeViewController.swift in Sources */ = {isa = PBXBuildFile; fileRef = E442BD33279C49CB0089A435 /* OrangeViewController.swift */; };
		E442BD37279C49CB0089A435 /* Main.storyboard in Resources */ = {isa = PBXBuildFile; fileRef = E442BD35279C49CB0089A435 /* Main.storyboard */; };
		E442BD39279C49CC0089A435 /* Assets.xcassets in Resources */ = {isa = PBXBuildFile; fileRef = E442BD38279C49CC0089A435 /* Assets.xcassets */; };
		E442BD3C279C49CC0089A435 /* LaunchScreen.storyboard in Resources */ = {isa = PBXBuildFile; fileRef = E442BD3A279C49CC0089A435 /* LaunchScreen.storyboard */; };
		E442BD47279C49CC0089A435 /* MyViewControllerLifeCycleTests.swift in Sources */ = {isa = PBXBuildFile; fileRef = E442BD46279C49CC0089A435 /* MyViewControllerLifeCycleTests.swift */; };
		E442BD51279C49CC0089A435 /* MyViewControllerLifeCycleUITests.swift in Sources */ = {isa = PBXBuildFile; fileRef = E442BD50279C49CC0089A435 /* MyViewControllerLifeCycleUITests.swift */; };
		E442BD53279C49CC0089A435 /* MyViewControllerLifeCycleUITestsLaunchTests.swift in Sources */ = {isa = PBXBuildFile; fileRef = E442BD52279C49CC0089A435 /* MyViewControllerLifeCycleUITestsLaunchTests.swift */; };
		E442BD60279C52AA0089A435 /* PinkViewController.swift in Sources */ = {isa = PBXBuildFile; fileRef = E442BD5F279C52AA0089A435 /* PinkViewController.swift */; };
/* End PBXBuildFile section */

/* Begin PBXContainerItemProxy section */
		E442BD43279C49CC0089A435 /* PBXContainerItemProxy */ = {
			isa = PBXContainerItemProxy;
			containerPortal = E442BD24279C49CB0089A435 /* Project object */;
			proxyType = 1;
			remoteGlobalIDString = E442BD2B279C49CB0089A435;
			remoteInfo = MyViewControllerLifeCycle;
		};
		E442BD4D279C49CC0089A435 /* PBXContainerItemProxy */ = {
			isa = PBXContainerItemProxy;
			containerPortal = E442BD24279C49CB0089A435 /* Project object */;
			proxyType = 1;
			remoteGlobalIDString = E442BD2B279C49CB0089A435;
			remoteInfo = MyViewControllerLifeCycle;
		};
/* End PBXContainerItemProxy section */

/* Begin PBXFileReference section */
		E442BD2C279C49CB0089A435 /* MyViewControllerLifeCycle.app */ = {isa = PBXFileReference; explicitFileType = wrapper.application; includeInIndex = 0; path = MyViewControllerLifeCycle.app; sourceTree = BUILT_PRODUCTS_DIR; };
		E442BD2F279C49CB0089A435 /* AppDelegate.swift */ = {isa = PBXFileReference; lastKnownFileType = sourcecode.swift; path = AppDelegate.swift; sourceTree = "<group>"; };
		E442BD31279C49CB0089A435 /* SceneDelegate.swift */ = {isa = PBXFileReference; lastKnownFileType = sourcecode.swift; path = SceneDelegate.swift; sourceTree = "<group>"; };
		E442BD33279C49CB0089A435 /* OrangeViewController.swift */ = {isa = PBXFileReference; lastKnownFileType = sourcecode.swift; path = OrangeViewController.swift; sourceTree = "<group>"; };
		E442BD36279C49CB0089A435 /* Base */ = {isa = PBXFileReference; lastKnownFileType = file.storyboard; name = Base; path = Base.lproj/Main.storyboard; sourceTree = "<group>"; };
		E442BD38279C49CC0089A435 /* Assets.xcassets */ = {isa = PBXFileReference; lastKnownFileType = folder.assetcatalog; path = Assets.xcassets; sourceTree = "<group>"; };
		E442BD3B279C49CC0089A435 /* Base */ = {isa = PBXFileReference; lastKnownFileType = file.storyboard; name = Base; path = Base.lproj/LaunchScreen.storyboard; sourceTree = "<group>"; };
		E442BD3D279C49CC0089A435 /* Info.plist */ = {isa = PBXFileReference; lastKnownFileType = text.plist.xml; path = Info.plist; sourceTree = "<group>"; };
		E442BD42279C49CC0089A435 /* MyViewControllerLifeCycleTests.xctest */ = {isa = PBXFileReference; explicitFileType = wrapper.cfbundle; includeInIndex = 0; path = MyViewControllerLifeCycleTests.xctest; sourceTree = BUILT_PRODUCTS_DIR; };
		E442BD46279C49CC0089A435 /* MyViewControllerLifeCycleTests.swift */ = {isa = PBXFileReference; lastKnownFileType = sourcecode.swift; path = MyViewControllerLifeCycleTests.swift; sourceTree = "<group>"; };
		E442BD4C279C49CC0089A435 /* MyViewControllerLifeCycleUITests.xctest */ = {isa = PBXFileReference; explicitFileType = wrapper.cfbundle; includeInIndex = 0; path = MyViewControllerLifeCycleUITests.xctest; sourceTree = BUILT_PRODUCTS_DIR; };
		E442BD50279C49CC0089A435 /* MyViewControllerLifeCycleUITests.swift */ = {isa = PBXFileReference; lastKnownFileType = sourcecode.swift; path = MyViewControllerLifeCycleUITests.swift; sourceTree = "<group>"; };
		E442BD52279C49CC0089A435 /* MyViewControllerLifeCycleUITestsLaunchTests.swift */ = {isa = PBXFileReference; lastKnownFileType = sourcecode.swift; path = MyViewControllerLifeCycleUITestsLaunchTests.swift; sourceTree = "<group>"; };
		E442BD5F279C52AA0089A435 /* PinkViewController.swift */ = {isa = PBXFileReference; lastKnownFileType = sourcecode.swift; path = PinkViewController.swift; sourceTree = "<group>"; };
/* End PBXFileReference section */

/* Begin PBXFrameworksBuildPhase section */
		E442BD29279C49CB0089A435 /* Frameworks */ = {
			isa = PBXFrameworksBuildPhase;
			buildActionMask = 2147483647;
			files = (
			);
			runOnlyForDeploymentPostprocessing = 0;
		};
		E442BD3F279C49CC0089A435 /* Frameworks */ = {
			isa = PBXFrameworksBuildPhase;
			buildActionMask = 2147483647;
			files = (
			);
			runOnlyForDeploymentPostprocessing = 0;
		};
		E442BD49279C49CC0089A435 /* Frameworks */ = {
			isa = PBXFrameworksBuildPhase;
			buildActionMask = 2147483647;
			files = (
			);
			runOnlyForDeploymentPostprocessing = 0;
		};
/* End PBXFrameworksBuildPhase section */

/* Begin PBXGroup section */
		E442BD23279C49CB0089A435 = {
			isa = PBXGroup;
			children = (
				E442BD2E279C49CB0089A435 /* MyViewControllerLifeCycle */,
				E442BD45279C49CC0089A435 /* MyViewControllerLifeCycleTests */,
				E442BD4F279C49CC0089A435 /* MyViewControllerLifeCycleUITests */,
				E442BD2D279C49CB0089A435 /* Products */,
			);
			sourceTree = "<group>";
		};
		E442BD2D279C49CB0089A435 /* Products */ = {
			isa = PBXGroup;
			children = (
				E442BD2C279C49CB0089A435 /* MyViewControllerLifeCycle.app */,
				E442BD42279C49CC0089A435 /* MyViewControllerLifeCycleTests.xctest */,
				E442BD4C279C49CC0089A435 /* MyViewControllerLifeCycleUITests.xctest */,
			);
			name = Products;
			sourceTree = "<group>";
		};
		E442BD2E279C49CB0089A435 /* MyViewControllerLifeCycle */ = {
			isa = PBXGroup;
			children = (
				E442BD2F279C49CB0089A435 /* AppDelegate.swift */,
				E442BD31279C49CB0089A435 /* SceneDelegate.swift */,
				E442BD33279C49CB0089A435 /* OrangeViewController.swift */,
				E442BD35279C49CB0089A435 /* Main.storyboard */,
				E442BD5F279C52AA0089A435 /* PinkViewController.swift */,
				E442BD38279C49CC0089A435 /* Assets.xcassets */,
				E442BD3A279C49CC0089A435 /* LaunchScreen.storyboard */,
				E442BD3D279C49CC0089A435 /* Info.plist */,
			);
			path = MyViewControllerLifeCycle;
			sourceTree = "<group>";
		};
		E442BD45279C49CC0089A435 /* MyViewControllerLifeCycleTests */ = {
			isa = PBXGroup;
			children = (
				E442BD46279C49CC0089A435 /* MyViewControllerLifeCycleTests.swift */,
			);
			path = MyViewControllerLifeCycleTests;
			sourceTree = "<group>";
		};
		E442BD4F279C49CC0089A435 /* MyViewControllerLifeCycleUITests */ = {
			isa = PBXGroup;
			children = (
				E442BD50279C49CC0089A435 /* MyViewControllerLifeCycleUITests.swift */,
				E442BD52279C49CC0089A435 /* MyViewControllerLifeCycleUITestsLaunchTests.swift */,
			);
			path = MyViewControllerLifeCycleUITests;
			sourceTree = "<group>";
		};
/* End PBXGroup section */

/* Begin PBXNativeTarget section */
		E442BD2B279C49CB0089A435 /* MyViewControllerLifeCycle */ = {
			isa = PBXNativeTarget;
			buildConfigurationList = E442BD56279C49CC0089A435 /* Build configuration list for PBXNativeTarget "MyViewControllerLifeCycle" */;
			buildPhases = (
				E442BD28279C49CB0089A435 /* Sources */,
				E442BD29279C49CB0089A435 /* Frameworks */,
				E442BD2A279C49CB0089A435 /* Resources */,
			);
			buildRules = (
			);
			dependencies = (
			);
			name = MyViewControllerLifeCycle;
			productName = MyViewControllerLifeCycle;
			productReference = E442BD2C279C49CB0089A435 /* MyViewControllerLifeCycle.app */;
			productType = "com.apple.product-type.application";
		};
		E442BD41279C49CC0089A435 /* MyViewControllerLifeCycleTests */ = {
			isa = PBXNativeTarget;
			buildConfigurationList = E442BD59279C49CC0089A435 /* Build configuration list for PBXNativeTarget "MyViewControllerLifeCycleTests" */;
			buildPhases = (
				E442BD3E279C49CC0089A435 /* Sources */,
				E442BD3F279C49CC0089A435 /* Frameworks */,
				E442BD40279C49CC0089A435 /* Resources */,
			);
			buildRules = (
			);
			dependencies = (
				E442BD44279C49CC0089A435 /* PBXTargetDependency */,
			);
			name = MyViewControllerLifeCycleTests;
			productName = MyViewControllerLifeCycleTests;
			productReference = E442BD42279C49CC0089A435 /* MyViewControllerLifeCycleTests.xctest */;
			productType = "com.apple.product-type.bundle.unit-test";
		};
		E442BD4B279C49CC0089A435 /* MyViewControllerLifeCycleUITests */ = {
			isa = PBXNativeTarget;
			buildConfigurationList = E442BD5C279C49CC0089A435 /* Build configuration list for PBXNativeTarget "MyViewControllerLifeCycleUITests" */;
			buildPhases = (
				E442BD48279C49CC0089A435 /* Sources */,
				E442BD49279C49CC0089A435 /* Frameworks */,
				E442BD4A279C49CC0089A435 /* Resources */,
			);
			buildRules = (
			);
			dependencies = (
				E442BD4E279C49CC0089A435 /* PBXTargetDependency */,
			);
			name = MyViewControllerLifeCycleUITests;
			productName = MyViewControllerLifeCycleUITests;
			productReference = E442BD4C279C49CC0089A435 /* MyViewControllerLifeCycleUITests.xctest */;
			productType = "com.apple.product-type.bundle.ui-testing";
		};
/* End PBXNativeTarget section */

/* Begin PBXProject section */
		E442BD24279C49CB0089A435 /* Project object */ = {
			isa = PBXProject;
			attributes = {
				BuildIndependentTargetsInParallel = 1;
				LastSwiftUpdateCheck = 1320;
				LastUpgradeCheck = 1320;
				TargetAttributes = {
					E442BD2B279C49CB0089A435 = {
						CreatedOnToolsVersion = 13.2.1;
					};
					E442BD41279C49CC0089A435 = {
						CreatedOnToolsVersion = 13.2.1;
						TestTargetID = E442BD2B279C49CB0089A435;
					};
					E442BD4B279C49CC0089A435 = {
						CreatedOnToolsVersion = 13.2.1;
						TestTargetID = E442BD2B279C49CB0089A435;
					};
				};
			};
			buildConfigurationList = E442BD27279C49CB0089A435 /* Build configuration list for PBXProject "MyViewControllerLifeCycle" */;
			compatibilityVersion = "Xcode 13.0";
			developmentRegion = en;
			hasScannedForEncodings = 0;
			knownRegions = (
				en,
				Base,
			);
			mainGroup = E442BD23279C49CB0089A435;
			productRefGroup = E442BD2D279C49CB0089A435 /* Products */;
			projectDirPath = "";
			projectRoot = "";
			targets = (
				E442BD2B279C49CB0089A435 /* MyViewControllerLifeCycle */,
				E442BD41279C49CC0089A435 /* MyViewControllerLifeCycleTests */,
				E442BD4B279C49CC0089A435 /* MyViewControllerLifeCycleUITests */,
			);
		};
/* End PBXProject section */

/* Begin PBXResourcesBuildPhase section */
		E442BD2A279C49CB0089A435 /* Resources */ = {
			isa = PBXResourcesBuildPhase;
			buildActionMask = 2147483647;
			files = (
				E442BD3C279C49CC0089A435 /* LaunchScreen.storyboard in Resources */,
				E442BD39279C49CC0089A435 /* Assets.xcassets in Resources */,
				E442BD37279C49CB0089A435 /* Main.storyboard in Resources */,
			);
			runOnlyForDeploymentPostprocessing = 0;
		};
		E442BD40279C49CC0089A435 /* Resources */ = {
			isa = PBXResourcesBuildPhase;
			buildActionMask = 2147483647;
			files = (
			);
			runOnlyForDeploymentPostprocessing = 0;
		};
		E442BD4A279C49CC0089A435 /* Resources */ = {
			isa = PBXResourcesBuildPhase;
			buildActionMask = 2147483647;
			files = (
			);
			runOnlyForDeploymentPostprocessing = 0;
		};
/* End PBXResourcesBuildPhase section */

/* Begin PBXSourcesBuildPhase section */
		E442BD28279C49CB0089A435 /* Sources */ = {
			isa = PBXSourcesBuildPhase;
			buildActionMask = 2147483647;
			files = (
				E442BD34279C49CB0089A435 /* OrangeViewController.swift in Sources */,
				E442BD60279C52AA0089A435 /* PinkViewController.swift in Sources */,
				E442BD30279C49CB0089A435 /* AppDelegate.swift in Sources */,
				E442BD32279C49CB0089A435 /* SceneDelegate.swift in Sources */,
			);
			runOnlyForDeploymentPostprocessing = 0;
		};
		E442BD3E279C49CC0089A435 /* Sources */ = {
			isa = PBXSourcesBuildPhase;
			buildActionMask = 2147483647;
			files = (
				E442BD47279C49CC0089A435 /* MyViewControllerLifeCycleTests.swift in Sources */,
			);
			runOnlyForDeploymentPostprocessing = 0;
		};
		E442BD48279C49CC0089A435 /* Sources */ = {
			isa = PBXSourcesBuildPhase;
			buildActionMask = 2147483647;
			files = (
				E442BD53279C49CC0089A435 /* MyViewControllerLifeCycleUITestsLaunchTests.swift in Sources */,
				E442BD51279C49CC0089A435 /* MyViewControllerLifeCycleUITests.swift in Sources */,
			);
			runOnlyForDeploymentPostprocessing = 0;
		};
/* End PBXSourcesBuildPhase section */

/* Begin PBXTargetDependency section */
		E442BD44279C49CC0089A435 /* PBXTargetDependency */ = {
			isa = PBXTargetDependency;
			target = E442BD2B279C49CB0089A435 /* MyViewControllerLifeCycle */;
			targetProxy = E442BD43279C49CC0089A435 /* PBXContainerItemProxy */;
		};
		E442BD4E279C49CC0089A435 /* PBXTargetDependency */ = {
			isa = PBXTargetDependency;
			target = E442BD2B279C49CB0089A435 /* MyViewControllerLifeCycle */;
			targetProxy = E442BD4D279C49CC0089A435 /* PBXContainerItemProxy */;
		};
/* End PBXTargetDependency section */

/* Begin PBXVariantGroup section */
		E442BD35279C49CB0089A435 /* Main.storyboard */ = {
			isa = PBXVariantGroup;
			children = (
				E442BD36279C49CB0089A435 /* Base */,
			);
			name = Main.storyboard;
			sourceTree = "<group>";
		};
		E442BD3A279C49CC0089A435 /* LaunchScreen.storyboard */ = {
			isa = PBXVariantGroup;
			children = (
				E442BD3B279C49CC0089A435 /* Base */,
			);
			name = LaunchScreen.storyboard;
			sourceTree = "<group>";
		};
/* End PBXVariantGroup section */

/* Begin XCBuildConfiguration section */
		E442BD54279C49CC0089A435 /* Debug */ = {
			isa = XCBuildConfiguration;
			buildSettings = {
				ALWAYS_SEARCH_USER_PATHS = NO;
				CLANG_ANALYZER_NONNULL = YES;
				CLANG_ANALYZER_NUMBER_OBJECT_CONVERSION = YES_AGGRESSIVE;
				CLANG_CXX_LANGUAGE_STANDARD = "gnu++17";
				CLANG_CXX_LIBRARY = "libc++";
				CLANG_ENABLE_MODULES = YES;
				CLANG_ENABLE_OBJC_ARC = YES;
				CLANG_ENABLE_OBJC_WEAK = YES;
				CLANG_WARN_BLOCK_CAPTURE_AUTORELEASING = YES;
				CLANG_WARN_BOOL_CONVERSION = YES;
				CLANG_WARN_COMMA = YES;
				CLANG_WARN_CONSTANT_CONVERSION = YES;
				CLANG_WARN_DEPRECATED_OBJC_IMPLEMENTATIONS = YES;
				CLANG_WARN_DIRECT_OBJC_ISA_USAGE = YES_ERROR;
				CLANG_WARN_DOCUMENTATION_COMMENTS = YES;
				CLANG_WARN_EMPTY_BODY = YES;
				CLANG_WARN_ENUM_CONVERSION = YES;
				CLANG_WARN_INFINITE_RECURSION = YES;
				CLANG_WARN_INT_CONVERSION = YES;
				CLANG_WARN_NON_LITERAL_NULL_CONVERSION = YES;
				CLANG_WARN_OBJC_IMPLICIT_RETAIN_SELF = YES;
				CLANG_WARN_OBJC_LITERAL_CONVERSION = YES;
				CLANG_WARN_OBJC_ROOT_CLASS = YES_ERROR;
				CLANG_WARN_QUOTED_INCLUDE_IN_FRAMEWORK_HEADER = YES;
				CLANG_WARN_RANGE_LOOP_ANALYSIS = YES;
				CLANG_WARN_STRICT_PROTOTYPES = YES;
				CLANG_WARN_SUSPICIOUS_MOVE = YES;
				CLANG_WARN_UNGUARDED_AVAILABILITY = YES_AGGRESSIVE;
				CLANG_WARN_UNREACHABLE_CODE = YES;
				CLANG_WARN__DUPLICATE_METHOD_MATCH = YES;
				COPY_PHASE_STRIP = NO;
				DEBUG_INFORMATION_FORMAT = dwarf;
				ENABLE_STRICT_OBJC_MSGSEND = YES;
				ENABLE_TESTABILITY = YES;
				GCC_C_LANGUAGE_STANDARD = gnu11;
				GCC_DYNAMIC_NO_PIC = NO;
				GCC_NO_COMMON_BLOCKS = YES;
				GCC_OPTIMIZATION_LEVEL = 0;
				GCC_PREPROCESSOR_DEFINITIONS = (
					"DEBUG=1",
					"$(inherited)",
				);
				GCC_WARN_64_TO_32_BIT_CONVERSION = YES;
				GCC_WARN_ABOUT_RETURN_TYPE = YES_ERROR;
				GCC_WARN_UNDECLARED_SELECTOR = YES;
				GCC_WARN_UNINITIALIZED_AUTOS = YES_AGGRESSIVE;
				GCC_WARN_UNUSED_FUNCTION = YES;
				GCC_WARN_UNUSED_VARIABLE = YES;
				IPHONEOS_DEPLOYMENT_TARGET = 15.2;
				MTL_ENABLE_DEBUG_INFO = INCLUDE_SOURCE;
				MTL_FAST_MATH = YES;
				ONLY_ACTIVE_ARCH = YES;
				SDKROOT = iphoneos;
				SWIFT_ACTIVE_COMPILATION_CONDITIONS = DEBUG;
				SWIFT_OPTIMIZATION_LEVEL = "-Onone";
			};
			name = Debug;
		};
		E442BD55279C49CC0089A435 /* Release */ = {
			isa = XCBuildConfiguration;
			buildSettings = {
				ALWAYS_SEARCH_USER_PATHS = NO;
				CLANG_ANALYZER_NONNULL = YES;
				CLANG_ANALYZER_NUMBER_OBJECT_CONVERSION = YES_AGGRESSIVE;
				CLANG_CXX_LANGUAGE_STANDARD = "gnu++17";
				CLANG_CXX_LIBRARY = "libc++";
				CLANG_ENABLE_MODULES = YES;
				CLANG_ENABLE_OBJC_ARC = YES;
				CLANG_ENABLE_OBJC_WEAK = YES;
				CLANG_WARN_BLOCK_CAPTURE_AUTORELEASING = YES;
				CLANG_WARN_BOOL_CONVERSION = YES;
				CLANG_WARN_COMMA = YES;
				CLANG_WARN_CONSTANT_CONVERSION = YES;
				CLANG_WARN_DEPRECATED_OBJC_IMPLEMENTATIONS = YES;
				CLANG_WARN_DIRECT_OBJC_ISA_USAGE = YES_ERROR;
				CLANG_WARN_DOCUMENTATION_COMMENTS = YES;
				CLANG_WARN_EMPTY_BODY = YES;
				CLANG_WARN_ENUM_CONVERSION = YES;
				CLANG_WARN_INFINITE_RECURSION = YES;
				CLANG_WARN_INT_CONVERSION = YES;
				CLANG_WARN_NON_LITERAL_NULL_CONVERSION = YES;
				CLANG_WARN_OBJC_IMPLICIT_RETAIN_SELF = YES;
				CLANG_WARN_OBJC_LITERAL_CONVERSION = YES;
				CLANG_WARN_OBJC_ROOT_CLASS = YES_ERROR;
				CLANG_WARN_QUOTED_INCLUDE_IN_FRAMEWORK_HEADER = YES;
				CLANG_WARN_RANGE_LOOP_ANALYSIS = YES;
				CLANG_WARN_STRICT_PROTOTYPES = YES;
				CLANG_WARN_SUSPICIOUS_MOVE = YES;
				CLANG_WARN_UNGUARDED_AVAILABILITY = YES_AGGRESSIVE;
				CLANG_WARN_UNREACHABLE_CODE = YES;
				CLANG_WARN__DUPLICATE_METHOD_MATCH = YES;
				COPY_PHASE_STRIP = NO;
				DEBUG_INFORMATION_FORMAT = "dwarf-with-dsym";
				ENABLE_NS_ASSERTIONS = NO;
				ENABLE_STRICT_OBJC_MSGSEND = YES;
				GCC_C_LANGUAGE_STANDARD = gnu11;
				GCC_NO_COMMON_BLOCKS = YES;
				GCC_WARN_64_TO_32_BIT_CONVERSION = YES;
				GCC_WARN_ABOUT_RETURN_TYPE = YES_ERROR;
				GCC_WARN_UNDECLARED_SELECTOR = YES;
				GCC_WARN_UNINITIALIZED_AUTOS = YES_AGGRESSIVE;
				GCC_WARN_UNUSED_FUNCTION = YES;
				GCC_WARN_UNUSED_VARIABLE = YES;
				IPHONEOS_DEPLOYMENT_TARGET = 15.2;
				MTL_ENABLE_DEBUG_INFO = NO;
				MTL_FAST_MATH = YES;
				SDKROOT = iphoneos;
				SWIFT_COMPILATION_MODE = wholemodule;
				SWIFT_OPTIMIZATION_LEVEL = "-O";
				VALIDATE_PRODUCT = YES;
			};
			name = Release;
		};
		E442BD57279C49CC0089A435 /* Debug */ = {
			isa = XCBuildConfiguration;
			buildSettings = {
				ASSETCATALOG_COMPILER_APPICON_NAME = AppIcon;
				ASSETCATALOG_COMPILER_GLOBAL_ACCENT_COLOR_NAME = AccentColor;
				CODE_SIGN_STYLE = Automatic;
				CURRENT_PROJECT_VERSION = 1;
				GENERATE_INFOPLIST_FILE = YES;
				INFOPLIST_FILE = MyViewControllerLifeCycle/Info.plist;
				INFOPLIST_KEY_UIApplicationSupportsIndirectInputEvents = YES;
				INFOPLIST_KEY_UILaunchStoryboardName = LaunchScreen;
				INFOPLIST_KEY_UIMainStoryboardFile = Main;
				INFOPLIST_KEY_UISupportedInterfaceOrientations_iPad = "UIInterfaceOrientationPortrait UIInterfaceOrientationPortraitUpsideDown UIInterfaceOrientationLandscapeLeft UIInterfaceOrientationLandscapeRight";
				INFOPLIST_KEY_UISupportedInterfaceOrientations_iPhone = "UIInterfaceOrientationPortrait UIInterfaceOrientationLandscapeLeft UIInterfaceOrientationLandscapeRight";
				LD_RUNPATH_SEARCH_PATHS = (
					"$(inherited)",
					"@executable_path/Frameworks",
				);
				MARKETING_VERSION = 1.0;
				PRODUCT_BUNDLE_IDENTIFIER = com.ios.MyViewControllerLifeCycle;
				PRODUCT_NAME = "$(TARGET_NAME)";
				SWIFT_EMIT_LOC_STRINGS = YES;
				SWIFT_VERSION = 5.0;
				TARGETED_DEVICE_FAMILY = "1,2";
			};
			name = Debug;
		};
		E442BD58279C49CC0089A435 /* Release */ = {
			isa = XCBuildConfiguration;
			buildSettings = {
				ASSETCATALOG_COMPILER_APPICON_NAME = AppIcon;
				ASSETCATALOG_COMPILER_GLOBAL_ACCENT_COLOR_NAME = AccentColor;
				CODE_SIGN_STYLE = Automatic;
				CURRENT_PROJECT_VERSION = 1;
				GENERATE_INFOPLIST_FILE = YES;
				INFOPLIST_FILE = MyViewControllerLifeCycle/Info.plist;
				INFOPLIST_KEY_UIApplicationSupportsIndirectInputEvents = YES;
				INFOPLIST_KEY_UILaunchStoryboardName = LaunchScreen;
				INFOPLIST_KEY_UIMainStoryboardFile = Main;
				INFOPLIST_KEY_UISupportedInterfaceOrientations_iPad = "UIInterfaceOrientationPortrait UIInterfaceOrientationPortraitUpsideDown UIInterfaceOrientationLandscapeLeft UIInterfaceOrientationLandscapeRight";
				INFOPLIST_KEY_UISupportedInterfaceOrientations_iPhone = "UIInterfaceOrientationPortrait UIInterfaceOrientationLandscapeLeft UIInterfaceOrientationLandscapeRight";
				LD_RUNPATH_SEARCH_PATHS = (
					"$(inherited)",
					"@executable_path/Frameworks",
				);
				MARKETING_VERSION = 1.0;
				PRODUCT_BUNDLE_IDENTIFIER = com.ios.MyViewControllerLifeCycle;
				PRODUCT_NAME = "$(TARGET_NAME)";
				SWIFT_EMIT_LOC_STRINGS = YES;
				SWIFT_VERSION = 5.0;
				TARGETED_DEVICE_FAMILY = "1,2";
			};
			name = Release;
		};
		E442BD5A279C49CC0089A435 /* Debug */ = {
			isa = XCBuildConfiguration;
			buildSettings = {
				ALWAYS_EMBED_SWIFT_STANDARD_LIBRARIES = YES;
				BUNDLE_LOADER = "$(TEST_HOST)";
				CODE_SIGN_STYLE = Automatic;
				CURRENT_PROJECT_VERSION = 1;
				GENERATE_INFOPLIST_FILE = YES;
				IPHONEOS_DEPLOYMENT_TARGET = 15.2;
				MARKETING_VERSION = 1.0;
				PRODUCT_BUNDLE_IDENTIFIER = com.ios.MyViewControllerLifeCycleTests;
				PRODUCT_NAME = "$(TARGET_NAME)";
				SWIFT_EMIT_LOC_STRINGS = NO;
				SWIFT_VERSION = 5.0;
				TARGETED_DEVICE_FAMILY = "1,2";
				TEST_HOST = "$(BUILT_PRODUCTS_DIR)/MyViewControllerLifeCycle.app/MyViewControllerLifeCycle";
			};
			name = Debug;
		};
		E442BD5B279C49CC0089A435 /* Release */ = {
			isa = XCBuildConfiguration;
			buildSettings = {
				ALWAYS_EMBED_SWIFT_STANDARD_LIBRARIES = YES;
				BUNDLE_LOADER = "$(TEST_HOST)";
				CODE_SIGN_STYLE = Automatic;
				CURRENT_PROJECT_VERSION = 1;
				GENERATE_INFOPLIST_FILE = YES;
				IPHONEOS_DEPLOYMENT_TARGET = 15.2;
				MARKETING_VERSION = 1.0;
				PRODUCT_BUNDLE_IDENTIFIER = com.ios.MyViewControllerLifeCycleTests;
				PRODUCT_NAME = "$(TARGET_NAME)";
				SWIFT_EMIT_LOC_STRINGS = NO;
				SWIFT_VERSION = 5.0;
				TARGETED_DEVICE_FAMILY = "1,2";
				TEST_HOST = "$(BUILT_PRODUCTS_DIR)/MyViewControllerLifeCycle.app/MyViewControllerLifeCycle";
			};
			name = Release;
		};
		E442BD5D279C49CC0089A435 /* Debug */ = {
			isa = XCBuildConfiguration;
			buildSettings = {
				ALWAYS_EMBED_SWIFT_STANDARD_LIBRARIES = YES;
				CODE_SIGN_STYLE = Automatic;
				CURRENT_PROJECT_VERSION = 1;
				GENERATE_INFOPLIST_FILE = YES;
				MARKETING_VERSION = 1.0;
				PRODUCT_BUNDLE_IDENTIFIER = com.ios.MyViewControllerLifeCycleUITests;
				PRODUCT_NAME = "$(TARGET_NAME)";
				SWIFT_EMIT_LOC_STRINGS = NO;
				SWIFT_VERSION = 5.0;
				TARGETED_DEVICE_FAMILY = "1,2";
				TEST_TARGET_NAME = MyViewControllerLifeCycle;
			};
			name = Debug;
		};
		E442BD5E279C49CC0089A435 /* Release */ = {
			isa = XCBuildConfiguration;
			buildSettings = {
				ALWAYS_EMBED_SWIFT_STANDARD_LIBRARIES = YES;
				CODE_SIGN_STYLE = Automatic;
				CURRENT_PROJECT_VERSION = 1;
				GENERATE_INFOPLIST_FILE = YES;
				MARKETING_VERSION = 1.0;
				PRODUCT_BUNDLE_IDENTIFIER = com.ios.MyViewControllerLifeCycleUITests;
				PRODUCT_NAME = "$(TARGET_NAME)";
				SWIFT_EMIT_LOC_STRINGS = NO;
				SWIFT_VERSION = 5.0;
				TARGETED_DEVICE_FAMILY = "1,2";
				TEST_TARGET_NAME = MyViewControllerLifeCycle;
			};
			name = Release;
		};
/* End XCBuildConfiguration section */

/* Begin XCConfigurationList section */
		E442BD27279C49CB0089A435 /* Build configuration list for PBXProject "MyViewControllerLifeCycle" */ = {
			isa = XCConfigurationList;
			buildConfigurations = (
				E442BD54279C49CC0089A435 /* Debug */,
				E442BD55279C49CC0089A435 /* Release */,
			);
			defaultConfigurationIsVisible = 0;
			defaultConfigurationName = Release;
		};
		E442BD56279C49CC0089A435 /* Build configuration list for PBXNativeTarget "MyViewControllerLifeCycle" */ = {
			isa = XCConfigurationList;
			buildConfigurations = (
				E442BD57279C49CC0089A435 /* Debug */,
				E442BD58279C49CC0089A435 /* Release */,
			);
			defaultConfigurationIsVisible = 0;
			defaultConfigurationName = Release;
		};
		E442BD59279C49CC0089A435 /* Build configuration list for PBXNativeTarget "MyViewControllerLifeCycleTests" */ = {
			isa = XCConfigurationList;
			buildConfigurations = (
				E442BD5A279C49CC0089A435 /* Debug */,
				E442BD5B279C49CC0089A435 /* Release */,
			);
			defaultConfigurationIsVisible = 0;
			defaultConfigurationName = Release;
		};
		E442BD5C279C49CC0089A435 /* Build configuration list for PBXNativeTarget "MyViewControllerLifeCycleUITests" */ = {
			isa = XCConfigurationList;
			buildConfigurations = (
				E442BD5D279C49CC0089A435 /* Debug */,
				E442BD5E279C49CC0089A435 /* Release */,
			);
			defaultConfigurationIsVisible = 0;
			defaultConfigurationName = Release;
		};
/* End XCConfigurationList section */
	};
	rootObject = E442BD24279C49CB0089A435 /* Project object */;
}
