// !$*UTF8*$!
{
	archiveVersion = 1;
	classes = {
	};
	objectVersion = 55;
	objects = {

/* Begin PBXBuildFile section */
		E4059A0327CFE70F000717AA /* AppDelegate.swift in Sources */ = {isa = PBXBuildFile; fileRef = E4059A0227CFE70F000717AA /* AppDelegate.swift */; };
		E4059A0527CFE70F000717AA /* SceneDelegate.swift in Sources */ = {isa = PBXBuildFile; fileRef = E4059A0427CFE70F000717AA /* SceneDelegate.swift */; };
		E4059A0727CFE70F000717AA /* ViewController.swift in Sources */ = {isa = PBXBuildFile; fileRef = E4059A0627CFE70F000717AA /* ViewController.swift */; };
		E4059A0A27CFE70F000717AA /* Main.storyboard in Resources */ = {isa = PBXBuildFile; fileRef = E4059A0827CFE70F000717AA /* Main.storyboard */; };
		E4059A0C27CFE711000717AA /* Assets.xcassets in Resources */ = {isa = PBXBuildFile; fileRef = E4059A0B27CFE711000717AA /* Assets.xcassets */; };
		E4059A0F27CFE711000717AA /* LaunchScreen.storyboard in Resources */ = {isa = PBXBuildFile; fileRef = E4059A0D27CFE711000717AA /* LaunchScreen.storyboard */; };
		E4059A1A27CFE711000717AA /* CompetitionTests.swift in Sources */ = {isa = PBXBuildFile; fileRef = E4059A1927CFE711000717AA /* CompetitionTests.swift */; };
		E4059A2427CFE711000717AA /* CompetitionUITests.swift in Sources */ = {isa = PBXBuildFile; fileRef = E4059A2327CFE711000717AA /* CompetitionUITests.swift */; };
		E4059A2627CFE711000717AA /* CompetitionUITestsLaunchTests.swift in Sources */ = {isa = PBXBuildFile; fileRef = E4059A2527CFE711000717AA /* CompetitionUITestsLaunchTests.swift */; };
/* End PBXBuildFile section */

/* Begin PBXContainerItemProxy section */
		E4059A1627CFE711000717AA /* PBXContainerItemProxy */ = {
			isa = PBXContainerItemProxy;
			containerPortal = E40599F727CFE70F000717AA /* Project object */;
			proxyType = 1;
			remoteGlobalIDString = E40599FE27CFE70F000717AA;
			remoteInfo = Competition;
		};
		E4059A2027CFE711000717AA /* PBXContainerItemProxy */ = {
			isa = PBXContainerItemProxy;
			containerPortal = E40599F727CFE70F000717AA /* Project object */;
			proxyType = 1;
			remoteGlobalIDString = E40599FE27CFE70F000717AA;
			remoteInfo = Competition;
		};
/* End PBXContainerItemProxy section */

/* Begin PBXFileReference section */
		E40599FF27CFE70F000717AA /* Competition.app */ = {isa = PBXFileReference; explicitFileType = wrapper.application; includeInIndex = 0; path = Competition.app; sourceTree = BUILT_PRODUCTS_DIR; };
		E4059A0227CFE70F000717AA /* AppDelegate.swift */ = {isa = PBXFileReference; lastKnownFileType = sourcecode.swift; path = AppDelegate.swift; sourceTree = "<group>"; };
		E4059A0427CFE70F000717AA /* SceneDelegate.swift */ = {isa = PBXFileReference; lastKnownFileType = sourcecode.swift; path = SceneDelegate.swift; sourceTree = "<group>"; };
		E4059A0627CFE70F000717AA /* ViewController.swift */ = {isa = PBXFileReference; lastKnownFileType = sourcecode.swift; path = ViewController.swift; sourceTree = "<group>"; };
		E4059A0927CFE70F000717AA /* Base */ = {isa = PBXFileReference; lastKnownFileType = file.storyboard; name = Base; path = Base.lproj/Main.storyboard; sourceTree = "<group>"; };
		E4059A0B27CFE711000717AA /* Assets.xcassets */ = {isa = PBXFileReference; lastKnownFileType = folder.assetcatalog; path = Assets.xcassets; sourceTree = "<group>"; };
		E4059A0E27CFE711000717AA /* Base */ = {isa = PBXFileReference; lastKnownFileType = file.storyboard; name = Base; path = Base.lproj/LaunchScreen.storyboard; sourceTree = "<group>"; };
		E4059A1027CFE711000717AA /* Info.plist */ = {isa = PBXFileReference; lastKnownFileType = text.plist.xml; path = Info.plist; sourceTree = "<group>"; };
		E4059A1527CFE711000717AA /* CompetitionTests.xctest */ = {isa = PBXFileReference; explicitFileType = wrapper.cfbundle; includeInIndex = 0; path = CompetitionTests.xctest; sourceTree = BUILT_PRODUCTS_DIR; };
		E4059A1927CFE711000717AA /* CompetitionTests.swift */ = {isa = PBXFileReference; lastKnownFileType = sourcecode.swift; path = CompetitionTests.swift; sourceTree = "<group>"; };
		E4059A1F27CFE711000717AA /* CompetitionUITests.xctest */ = {isa = PBXFileReference; explicitFileType = wrapper.cfbundle; includeInIndex = 0; path = CompetitionUITests.xctest; sourceTree = BUILT_PRODUCTS_DIR; };
		E4059A2327CFE711000717AA /* CompetitionUITests.swift */ = {isa = PBXFileReference; lastKnownFileType = sourcecode.swift; path = CompetitionUITests.swift; sourceTree = "<group>"; };
		E4059A2527CFE711000717AA /* CompetitionUITestsLaunchTests.swift */ = {isa = PBXFileReference; lastKnownFileType = sourcecode.swift; path = CompetitionUITestsLaunchTests.swift; sourceTree = "<group>"; };
/* End PBXFileReference section */

/* Begin PBXFrameworksBuildPhase section */
		E40599FC27CFE70F000717AA /* Frameworks */ = {
			isa = PBXFrameworksBuildPhase;
			buildActionMask = 2147483647;
			files = (
			);
			runOnlyForDeploymentPostprocessing = 0;
		};
		E4059A1227CFE711000717AA /* Frameworks */ = {
			isa = PBXFrameworksBuildPhase;
			buildActionMask = 2147483647;
			files = (
			);
			runOnlyForDeploymentPostprocessing = 0;
		};
		E4059A1C27CFE711000717AA /* Frameworks */ = {
			isa = PBXFrameworksBuildPhase;
			buildActionMask = 2147483647;
			files = (
			);
			runOnlyForDeploymentPostprocessing = 0;
		};
/* End PBXFrameworksBuildPhase section */

/* Begin PBXGroup section */
		E40599F627CFE70F000717AA = {
			isa = PBXGroup;
			children = (
				E4059A0127CFE70F000717AA /* Competition */,
				E4059A1827CFE711000717AA /* CompetitionTests */,
				E4059A2227CFE711000717AA /* CompetitionUITests */,
				E4059A0027CFE70F000717AA /* Products */,
			);
			sourceTree = "<group>";
		};
		E4059A0027CFE70F000717AA /* Products */ = {
			isa = PBXGroup;
			children = (
				E40599FF27CFE70F000717AA /* Competition.app */,
				E4059A1527CFE711000717AA /* CompetitionTests.xctest */,
				E4059A1F27CFE711000717AA /* CompetitionUITests.xctest */,
			);
			name = Products;
			sourceTree = "<group>";
		};
		E4059A0127CFE70F000717AA /* Competition */ = {
			isa = PBXGroup;
			children = (
				E4059A0227CFE70F000717AA /* AppDelegate.swift */,
				E4059A0427CFE70F000717AA /* SceneDelegate.swift */,
				E4059A0627CFE70F000717AA /* ViewController.swift */,
				E4059A0827CFE70F000717AA /* Main.storyboard */,
				E4059A0B27CFE711000717AA /* Assets.xcassets */,
				E4059A0D27CFE711000717AA /* LaunchScreen.storyboard */,
				E4059A1027CFE711000717AA /* Info.plist */,
			);
			path = Competition;
			sourceTree = "<group>";
		};
		E4059A1827CFE711000717AA /* CompetitionTests */ = {
			isa = PBXGroup;
			children = (
				E4059A1927CFE711000717AA /* CompetitionTests.swift */,
			);
			path = CompetitionTests;
			sourceTree = "<group>";
		};
		E4059A2227CFE711000717AA /* CompetitionUITests */ = {
			isa = PBXGroup;
			children = (
				E4059A2327CFE711000717AA /* CompetitionUITests.swift */,
				E4059A2527CFE711000717AA /* CompetitionUITestsLaunchTests.swift */,
			);
			path = CompetitionUITests;
			sourceTree = "<group>";
		};
/* End PBXGroup section */

/* Begin PBXNativeTarget section */
		E40599FE27CFE70F000717AA /* Competition */ = {
			isa = PBXNativeTarget;
			buildConfigurationList = E4059A2927CFE711000717AA /* Build configuration list for PBXNativeTarget "Competition" */;
			buildPhases = (
				E40599FB27CFE70F000717AA /* Sources */,
				E40599FC27CFE70F000717AA /* Frameworks */,
				E40599FD27CFE70F000717AA /* Resources */,
			);
			buildRules = (
			);
			dependencies = (
			);
			name = Competition;
			productName = Competition;
			productReference = E40599FF27CFE70F000717AA /* Competition.app */;
			productType = "com.apple.product-type.application";
		};
		E4059A1427CFE711000717AA /* CompetitionTests */ = {
			isa = PBXNativeTarget;
			buildConfigurationList = E4059A2C27CFE711000717AA /* Build configuration list for PBXNativeTarget "CompetitionTests" */;
			buildPhases = (
				E4059A1127CFE711000717AA /* Sources */,
				E4059A1227CFE711000717AA /* Frameworks */,
				E4059A1327CFE711000717AA /* Resources */,
			);
			buildRules = (
			);
			dependencies = (
				E4059A1727CFE711000717AA /* PBXTargetDependency */,
			);
			name = CompetitionTests;
			productName = CompetitionTests;
			productReference = E4059A1527CFE711000717AA /* CompetitionTests.xctest */;
			productType = "com.apple.product-type.bundle.unit-test";
		};
		E4059A1E27CFE711000717AA /* CompetitionUITests */ = {
			isa = PBXNativeTarget;
			buildConfigurationList = E4059A2F27CFE711000717AA /* Build configuration list for PBXNativeTarget "CompetitionUITests" */;
			buildPhases = (
				E4059A1B27CFE711000717AA /* Sources */,
				E4059A1C27CFE711000717AA /* Frameworks */,
				E4059A1D27CFE711000717AA /* Resources */,
			);
			buildRules = (
			);
			dependencies = (
				E4059A2127CFE711000717AA /* PBXTargetDependency */,
			);
			name = CompetitionUITests;
			productName = CompetitionUITests;
			productReference = E4059A1F27CFE711000717AA /* CompetitionUITests.xctest */;
			productType = "com.apple.product-type.bundle.ui-testing";
		};
/* End PBXNativeTarget section */

/* Begin PBXProject section */
		E40599F727CFE70F000717AA /* Project object */ = {
			isa = PBXProject;
			attributes = {
				BuildIndependentTargetsInParallel = 1;
				LastSwiftUpdateCheck = 1320;
				LastUpgradeCheck = 1320;
				TargetAttributes = {
					E40599FE27CFE70F000717AA = {
						CreatedOnToolsVersion = 13.2.1;
					};
					E4059A1427CFE711000717AA = {
						CreatedOnToolsVersion = 13.2.1;
						TestTargetID = E40599FE27CFE70F000717AA;
					};
					E4059A1E27CFE711000717AA = {
						CreatedOnToolsVersion = 13.2.1;
						TestTargetID = E40599FE27CFE70F000717AA;
					};
				};
			};
			buildConfigurationList = E40599FA27CFE70F000717AA /* Build configuration list for PBXProject "Competition" */;
			compatibilityVersion = "Xcode 13.0";
			developmentRegion = en;
			hasScannedForEncodings = 0;
			knownRegions = (
				en,
				Base,
			);
			mainGroup = E40599F627CFE70F000717AA;
			productRefGroup = E4059A0027CFE70F000717AA /* Products */;
			projectDirPath = "";
			projectRoot = "";
			targets = (
				E40599FE27CFE70F000717AA /* Competition */,
				E4059A1427CFE711000717AA /* CompetitionTests */,
				E4059A1E27CFE711000717AA /* CompetitionUITests */,
			);
		};
/* End PBXProject section */

/* Begin PBXResourcesBuildPhase section */
		E40599FD27CFE70F000717AA /* Resources */ = {
			isa = PBXResourcesBuildPhase;
			buildActionMask = 2147483647;
			files = (
				E4059A0F27CFE711000717AA /* LaunchScreen.storyboard in Resources */,
				E4059A0C27CFE711000717AA /* Assets.xcassets in Resources */,
				E4059A0A27CFE70F000717AA /* Main.storyboard in Resources */,
			);
			runOnlyForDeploymentPostprocessing = 0;
		};
		E4059A1327CFE711000717AA /* Resources */ = {
			isa = PBXResourcesBuildPhase;
			buildActionMask = 2147483647;
			files = (
			);
			runOnlyForDeploymentPostprocessing = 0;
		};
		E4059A1D27CFE711000717AA /* Resources */ = {
			isa = PBXResourcesBuildPhase;
			buildActionMask = 2147483647;
			files = (
			);
			runOnlyForDeploymentPostprocessing = 0;
		};
/* End PBXResourcesBuildPhase section */

/* Begin PBXSourcesBuildPhase section */
		E40599FB27CFE70F000717AA /* Sources */ = {
			isa = PBXSourcesBuildPhase;
			buildActionMask = 2147483647;
			files = (
				E4059A0727CFE70F000717AA /* ViewController.swift in Sources */,
				E4059A0327CFE70F000717AA /* AppDelegate.swift in Sources */,
				E4059A0527CFE70F000717AA /* SceneDelegate.swift in Sources */,
			);
			runOnlyForDeploymentPostprocessing = 0;
		};
		E4059A1127CFE711000717AA /* Sources */ = {
			isa = PBXSourcesBuildPhase;
			buildActionMask = 2147483647;
			files = (
				E4059A1A27CFE711000717AA /* CompetitionTests.swift in Sources */,
			);
			runOnlyForDeploymentPostprocessing = 0;
		};
		E4059A1B27CFE711000717AA /* Sources */ = {
			isa = PBXSourcesBuildPhase;
			buildActionMask = 2147483647;
			files = (
				E4059A2627CFE711000717AA /* CompetitionUITestsLaunchTests.swift in Sources */,
				E4059A2427CFE711000717AA /* CompetitionUITests.swift in Sources */,
			);
			runOnlyForDeploymentPostprocessing = 0;
		};
/* End PBXSourcesBuildPhase section */

/* Begin PBXTargetDependency section */
		E4059A1727CFE711000717AA /* PBXTargetDependency */ = {
			isa = PBXTargetDependency;
			target = E40599FE27CFE70F000717AA /* Competition */;
			targetProxy = E4059A1627CFE711000717AA /* PBXContainerItemProxy */;
		};
		E4059A2127CFE711000717AA /* PBXTargetDependency */ = {
			isa = PBXTargetDependency;
			target = E40599FE27CFE70F000717AA /* Competition */;
			targetProxy = E4059A2027CFE711000717AA /* PBXContainerItemProxy */;
		};
/* End PBXTargetDependency section */

/* Begin PBXVariantGroup section */
		E4059A0827CFE70F000717AA /* Main.storyboard */ = {
			isa = PBXVariantGroup;
			children = (
				E4059A0927CFE70F000717AA /* Base */,
			);
			name = Main.storyboard;
			sourceTree = "<group>";
		};
		E4059A0D27CFE711000717AA /* LaunchScreen.storyboard */ = {
			isa = PBXVariantGroup;
			children = (
				E4059A0E27CFE711000717AA /* Base */,
			);
			name = LaunchScreen.storyboard;
			sourceTree = "<group>";
		};
/* End PBXVariantGroup section */

/* Begin XCBuildConfiguration section */
		E4059A2727CFE711000717AA /* Debug */ = {
			isa = XCBuildConfiguration;
			buildSettings = {
				ALWAYS_SEARCH_USER_PATHS = NO;
				CLANG_ANALYZER_NONNULL = YES;
				CLANG_ANALYZER_NUMBER_OBJECT_CONVERSION = YES_AGGRESSIVE;
				CLANG_CXX_LANGUAGE_STANDARD = "gnu++17";
				CLANG_CXX_LIBRARY = "libc++";
				CLANG_ENABLE_MODULES = YES;
				CLANG_ENABLE_OBJC_ARC = YES;
				CLANG_ENABLE_OBJC_WEAK = YES;
				CLANG_WARN_BLOCK_CAPTURE_AUTORELEASING = YES;
				CLANG_WARN_BOOL_CONVERSION = YES;
				CLANG_WARN_COMMA = YES;
				CLANG_WARN_CONSTANT_CONVERSION = YES;
				CLANG_WARN_DEPRECATED_OBJC_IMPLEMENTATIONS = YES;
				CLANG_WARN_DIRECT_OBJC_ISA_USAGE = YES_ERROR;
				CLANG_WARN_DOCUMENTATION_COMMENTS = YES;
				CLANG_WARN_EMPTY_BODY = YES;
				CLANG_WARN_ENUM_CONVERSION = YES;
				CLANG_WARN_INFINITE_RECURSION = YES;
				CLANG_WARN_INT_CONVERSION = YES;
				CLANG_WARN_NON_LITERAL_NULL_CONVERSION = YES;
				CLANG_WARN_OBJC_IMPLICIT_RETAIN_SELF = YES;
				CLANG_WARN_OBJC_LITERAL_CONVERSION = YES;
				CLANG_WARN_OBJC_ROOT_CLASS = YES_ERROR;
				CLANG_WARN_QUOTED_INCLUDE_IN_FRAMEWORK_HEADER = YES;
				CLANG_WARN_RANGE_LOOP_ANALYSIS = YES;
				CLANG_WARN_STRICT_PROTOTYPES = YES;
				CLANG_WARN_SUSPICIOUS_MOVE = YES;
				CLANG_WARN_UNGUARDED_AVAILABILITY = YES_AGGRESSIVE;
				CLANG_WARN_UNREACHABLE_CODE = YES;
				CLANG_WARN__DUPLICATE_METHOD_MATCH = YES;
				COPY_PHASE_STRIP = NO;
				DEBUG_INFORMATION_FORMAT = dwarf;
				ENABLE_STRICT_OBJC_MSGSEND = YES;
				ENABLE_TESTABILITY = YES;
				GCC_C_LANGUAGE_STANDARD = gnu11;
				GCC_DYNAMIC_NO_PIC = NO;
				GCC_NO_COMMON_BLOCKS = YES;
				GCC_OPTIMIZATION_LEVEL = 0;
				GCC_PREPROCESSOR_DEFINITIONS = (
					"DEBUG=1",
					"$(inherited)",
				);
				GCC_WARN_64_TO_32_BIT_CONVERSION = YES;
				GCC_WARN_ABOUT_RETURN_TYPE = YES_ERROR;
				GCC_WARN_UNDECLARED_SELECTOR = YES;
				GCC_WARN_UNINITIALIZED_AUTOS = YES_AGGRESSIVE;
				GCC_WARN_UNUSED_FUNCTION = YES;
				GCC_WARN_UNUSED_VARIABLE = YES;
				IPHONEOS_DEPLOYMENT_TARGET = 15.2;
				MTL_ENABLE_DEBUG_INFO = INCLUDE_SOURCE;
				MTL_FAST_MATH = YES;
				ONLY_ACTIVE_ARCH = YES;
				SDKROOT = iphoneos;
				SWIFT_ACTIVE_COMPILATION_CONDITIONS = DEBUG;
				SWIFT_OPTIMIZATION_LEVEL = "-Onone";
			};
			name = Debug;
		};
		E4059A2827CFE711000717AA /* Release */ = {
			isa = XCBuildConfiguration;
			buildSettings = {
				ALWAYS_SEARCH_USER_PATHS = NO;
				CLANG_ANALYZER_NONNULL = YES;
				CLANG_ANALYZER_NUMBER_OBJECT_CONVERSION = YES_AGGRESSIVE;
				CLANG_CXX_LANGUAGE_STANDARD = "gnu++17";
				CLANG_CXX_LIBRARY = "libc++";
				CLANG_ENABLE_MODULES = YES;
				CLANG_ENABLE_OBJC_ARC = YES;
				CLANG_ENABLE_OBJC_WEAK = YES;
				CLANG_WARN_BLOCK_CAPTURE_AUTORELEASING = YES;
				CLANG_WARN_BOOL_CONVERSION = YES;
				CLANG_WARN_COMMA = YES;
				CLANG_WARN_CONSTANT_CONVERSION = YES;
				CLANG_WARN_DEPRECATED_OBJC_IMPLEMENTATIONS = YES;
				CLANG_WARN_DIRECT_OBJC_ISA_USAGE = YES_ERROR;
				CLANG_WARN_DOCUMENTATION_COMMENTS = YES;
				CLANG_WARN_EMPTY_BODY = YES;
				CLANG_WARN_ENUM_CONVERSION = YES;
				CLANG_WARN_INFINITE_RECURSION = YES;
				CLANG_WARN_INT_CONVERSION = YES;
				CLANG_WARN_NON_LITERAL_NULL_CONVERSION = YES;
				CLANG_WARN_OBJC_IMPLICIT_RETAIN_SELF = YES;
				CLANG_WARN_OBJC_LITERAL_CONVERSION = YES;
				CLANG_WARN_OBJC_ROOT_CLASS = YES_ERROR;
				CLANG_WARN_QUOTED_INCLUDE_IN_FRAMEWORK_HEADER = YES;
				CLANG_WARN_RANGE_LOOP_ANALYSIS = YES;
				CLANG_WARN_STRICT_PROTOTYPES = YES;
				CLANG_WARN_SUSPICIOUS_MOVE = YES;
				CLANG_WARN_UNGUARDED_AVAILABILITY = YES_AGGRESSIVE;
				CLANG_WARN_UNREACHABLE_CODE = YES;
				CLANG_WARN__DUPLICATE_METHOD_MATCH = YES;
				COPY_PHASE_STRIP = NO;
				DEBUG_INFORMATION_FORMAT = "dwarf-with-dsym";
				ENABLE_NS_ASSERTIONS = NO;
				ENABLE_STRICT_OBJC_MSGSEND = YES;
				GCC_C_LANGUAGE_STANDARD = gnu11;
				GCC_NO_COMMON_BLOCKS = YES;
				GCC_WARN_64_TO_32_BIT_CONVERSION = YES;
				GCC_WARN_ABOUT_RETURN_TYPE = YES_ERROR;
				GCC_WARN_UNDECLARED_SELECTOR = YES;
				GCC_WARN_UNINITIALIZED_AUTOS = YES_AGGRESSIVE;
				GCC_WARN_UNUSED_FUNCTION = YES;
				GCC_WARN_UNUSED_VARIABLE = YES;
				IPHONEOS_DEPLOYMENT_TARGET = 15.2;
				MTL_ENABLE_DEBUG_INFO = NO;
				MTL_FAST_MATH = YES;
				SDKROOT = iphoneos;
				SWIFT_COMPILATION_MODE = wholemodule;
				SWIFT_OPTIMIZATION_LEVEL = "-O";
				VALIDATE_PRODUCT = YES;
			};
			name = Release;
		};
		E4059A2A27CFE711000717AA /* Debug */ = {
			isa = XCBuildConfiguration;
			buildSettings = {
				ASSETCATALOG_COMPILER_APPICON_NAME = AppIcon;
				ASSETCATALOG_COMPILER_GLOBAL_ACCENT_COLOR_NAME = AccentColor;
				CODE_SIGN_STYLE = Automatic;
				CURRENT_PROJECT_VERSION = 1;
				GENERATE_INFOPLIST_FILE = YES;
				INFOPLIST_FILE = Competition/Info.plist;
				INFOPLIST_KEY_UIApplicationSupportsIndirectInputEvents = YES;
				INFOPLIST_KEY_UILaunchStoryboardName = LaunchScreen;
				INFOPLIST_KEY_UIMainStoryboardFile = Main;
				INFOPLIST_KEY_UISupportedInterfaceOrientations_iPad = "UIInterfaceOrientationPortrait UIInterfaceOrientationPortraitUpsideDown UIInterfaceOrientationLandscapeLeft UIInterfaceOrientationLandscapeRight";
				INFOPLIST_KEY_UISupportedInterfaceOrientations_iPhone = "UIInterfaceOrientationPortrait UIInterfaceOrientationLandscapeLeft UIInterfaceOrientationLandscapeRight";
				LD_RUNPATH_SEARCH_PATHS = (
					"$(inherited)",
					"@executable_path/Frameworks",
				);
				MARKETING_VERSION = 1.0;
				PRODUCT_BUNDLE_IDENTIFIER = com.ios.Competition;
				PRODUCT_NAME = "$(TARGET_NAME)";
				SWIFT_EMIT_LOC_STRINGS = YES;
				SWIFT_VERSION = 5.0;
				TARGETED_DEVICE_FAMILY = 1;
			};
			name = Debug;
		};
		E4059A2B27CFE711000717AA /* Release */ = {
			isa = XCBuildConfiguration;
			buildSettings = {
				ASSETCATALOG_COMPILER_APPICON_NAME = AppIcon;
				ASSETCATALOG_COMPILER_GLOBAL_ACCENT_COLOR_NAME = AccentColor;
				CODE_SIGN_STYLE = Automatic;
				CURRENT_PROJECT_VERSION = 1;
				GENERATE_INFOPLIST_FILE = YES;
				INFOPLIST_FILE = Competition/Info.plist;
				INFOPLIST_KEY_UIApplicationSupportsIndirectInputEvents = YES;
				INFOPLIST_KEY_UILaunchStoryboardName = LaunchScreen;
				INFOPLIST_KEY_UIMainStoryboardFile = Main;
				INFOPLIST_KEY_UISupportedInterfaceOrientations_iPad = "UIInterfaceOrientationPortrait UIInterfaceOrientationPortraitUpsideDown UIInterfaceOrientationLandscapeLeft UIInterfaceOrientationLandscapeRight";
				INFOPLIST_KEY_UISupportedInterfaceOrientations_iPhone = "UIInterfaceOrientationPortrait UIInterfaceOrientationLandscapeLeft UIInterfaceOrientationLandscapeRight";
				LD_RUNPATH_SEARCH_PATHS = (
					"$(inherited)",
					"@executable_path/Frameworks",
				);
				MARKETING_VERSION = 1.0;
				PRODUCT_BUNDLE_IDENTIFIER = com.ios.Competition;
				PRODUCT_NAME = "$(TARGET_NAME)";
				SWIFT_EMIT_LOC_STRINGS = YES;
				SWIFT_VERSION = 5.0;
				TARGETED_DEVICE_FAMILY = 1;
			};
			name = Release;
		};
		E4059A2D27CFE711000717AA /* Debug */ = {
			isa = XCBuildConfiguration;
			buildSettings = {
				ALWAYS_EMBED_SWIFT_STANDARD_LIBRARIES = YES;
				BUNDLE_LOADER = "$(TEST_HOST)";
				CODE_SIGN_STYLE = Automatic;
				CURRENT_PROJECT_VERSION = 1;
				GENERATE_INFOPLIST_FILE = YES;
				IPHONEOS_DEPLOYMENT_TARGET = 15.2;
				MARKETING_VERSION = 1.0;
				PRODUCT_BUNDLE_IDENTIFIER = com.ios.CompetitionTests;
				PRODUCT_NAME = "$(TARGET_NAME)";
				SWIFT_EMIT_LOC_STRINGS = NO;
				SWIFT_VERSION = 5.0;
				TARGETED_DEVICE_FAMILY = "1,2";
				TEST_HOST = "$(BUILT_PRODUCTS_DIR)/Competition.app/Competition";
			};
			name = Debug;
		};
		E4059A2E27CFE711000717AA /* Release */ = {
			isa = XCBuildConfiguration;
			buildSettings = {
				ALWAYS_EMBED_SWIFT_STANDARD_LIBRARIES = YES;
				BUNDLE_LOADER = "$(TEST_HOST)";
				CODE_SIGN_STYLE = Automatic;
				CURRENT_PROJECT_VERSION = 1;
				GENERATE_INFOPLIST_FILE = YES;
				IPHONEOS_DEPLOYMENT_TARGET = 15.2;
				MARKETING_VERSION = 1.0;
				PRODUCT_BUNDLE_IDENTIFIER = com.ios.CompetitionTests;
				PRODUCT_NAME = "$(TARGET_NAME)";
				SWIFT_EMIT_LOC_STRINGS = NO;
				SWIFT_VERSION = 5.0;
				TARGETED_DEVICE_FAMILY = "1,2";
				TEST_HOST = "$(BUILT_PRODUCTS_DIR)/Competition.app/Competition";
			};
			name = Release;
		};
		E4059A3027CFE711000717AA /* Debug */ = {
			isa = XCBuildConfiguration;
			buildSettings = {
				ALWAYS_EMBED_SWIFT_STANDARD_LIBRARIES = YES;
				CODE_SIGN_STYLE = Automatic;
				CURRENT_PROJECT_VERSION = 1;
				GENERATE_INFOPLIST_FILE = YES;
				MARKETING_VERSION = 1.0;
				PRODUCT_BUNDLE_IDENTIFIER = com.ios.CompetitionUITests;
				PRODUCT_NAME = "$(TARGET_NAME)";
				SWIFT_EMIT_LOC_STRINGS = NO;
				SWIFT_VERSION = 5.0;
				TARGETED_DEVICE_FAMILY = "1,2";
				TEST_TARGET_NAME = Competition;
			};
			name = Debug;
		};
		E4059A3127CFE711000717AA /* Release */ = {
			isa = XCBuildConfiguration;
			buildSettings = {
				ALWAYS_EMBED_SWIFT_STANDARD_LIBRARIES = YES;
				CODE_SIGN_STYLE = Automatic;
				CURRENT_PROJECT_VERSION = 1;
				GENERATE_INFOPLIST_FILE = YES;
				MARKETING_VERSION = 1.0;
				PRODUCT_BUNDLE_IDENTIFIER = com.ios.CompetitionUITests;
				PRODUCT_NAME = "$(TARGET_NAME)";
				SWIFT_EMIT_LOC_STRINGS = NO;
				SWIFT_VERSION = 5.0;
				TARGETED_DEVICE_FAMILY = "1,2";
				TEST_TARGET_NAME = Competition;
			};
			name = Release;
		};
/* End XCBuildConfiguration section */

/* Begin XCConfigurationList section */
		E40599FA27CFE70F000717AA /* Build configuration list for PBXProject "Competition" */ = {
			isa = XCConfigurationList;
			buildConfigurations = (
				E4059A2727CFE711000717AA /* Debug */,
				E4059A2827CFE711000717AA /* Release */,
			);
			defaultConfigurationIsVisible = 0;
			defaultConfigurationName = Release;
		};
		E4059A2927CFE711000717AA /* Build configuration list for PBXNativeTarget "Competition" */ = {
			isa = XCConfigurationList;
			buildConfigurations = (
				E4059A2A27CFE711000717AA /* Debug */,
				E4059A2B27CFE711000717AA /* Release */,
			);
			defaultConfigurationIsVisible = 0;
			defaultConfigurationName = Release;
		};
		E4059A2C27CFE711000717AA /* Build configuration list for PBXNativeTarget "CompetitionTests" */ = {
			isa = XCConfigurationList;
			buildConfigurations = (
				E4059A2D27CFE711000717AA /* Debug */,
				E4059A2E27CFE711000717AA /* Release */,
			);
			defaultConfigurationIsVisible = 0;
			defaultConfigurationName = Release;
		};
		E4059A2F27CFE711000717AA /* Build configuration list for PBXNativeTarget "CompetitionUITests" */ = {
			isa = XCConfigurationList;
			buildConfigurations = (
				E4059A3027CFE711000717AA /* Debug */,
				E4059A3127CFE711000717AA /* Release */,
			);
			defaultConfigurationIsVisible = 0;
			defaultConfigurationName = Release;
		};
/* End XCConfigurationList section */
	};
	rootObject = E40599F727CFE70F000717AA /* Project object */;
}
